<?xml version="1.0" encoding="utf-8"?>
<Project ToolsVersion="4.0" xmlns="http://schemas.microsoft.com/developer/msbuild/2003">
  <ItemGroup>
    <Filter Include="Source Files">
      <UniqueIdentifier>{4FC737F1-C7A5-4376-A066-2A32D752A2FF}</UniqueIdentifier>
      <Extensions>cpp;c;cc;cxx;def;odl;idl;hpj;bat;asm;asmx</Extensions>
    </Filter>
    <Filter Include="Header Files">
      <UniqueIdentifier>{93995380-89BD-4b04-88EB-625FBE52EBFB}</UniqueIdentifier>
      <Extensions>h;hh;hpp;hxx;hm;inl;inc;xsd</Extensions>
    </Filter>
    <Filter Include="Resource Files">
      <UniqueIdentifier>{67DA6AB6-F800-4c08-8B7A-83BB121AAD01}</UniqueIdentifier>
      <Extensions>rc;ico;cur;bmp;dlg;rc2;rct;bin;rgs;gif;jpg;jpeg;jpe;resx;tiff;tif;png;wav;mfcribbon-ms</Extensions>
    </Filter>
    <Filter Include="Shaders">
      <UniqueIdentifier>{a0515843-577c-4ca5-a11c-071fa6fd5e3e}</UniqueIdentifier>
    </Filter>
    <Filter Include="Header Files\System">
      <UniqueIdentifier>{803df9fd-dd51-40c6-82b5-4e8e8f2bdd44}</UniqueIdentifier>
    </Filter>
    <Filter Include="Shaders\PS">
      <UniqueIdentifier>{0b02accd-94bd-4fa4-bb5d-82b95273e331}</UniqueIdentifier>
    </Filter>
    <Filter Include="Shaders\VS">
      <UniqueIdentifier>{d9ba46a0-2fff-4de0-834c-338e5b41dddd}</UniqueIdentifier>
    </Filter>
  </ItemGroup>
  <ItemGroup>
    <ClCompile Include="main.cpp">
      <Filter>Source Files</Filter>
    </ClCompile>
    <ClCompile Include="DDSTextureLoader.cpp">
      <Filter>Source Files</Filter>
    </ClCompile>
    <ClCompile Include="Dx.cpp">
      <Filter>Source Files</Filter>
    </ClCompile>
    <ClCompile Include="Game.cpp">
      <Filter>Source Files</Filter>
    </ClCompile>
    <ClCompile Include="Helpers.cpp">
      <Filter>Source Files</Filter>
    </ClCompile>
    <ClCompile Include="Shader.cpp">
      <Filter>Source Files</Filter>
    </ClCompile>
    <ClCompile Include="Texture.cpp">
      <Filter>Source Files</Filter>
    </ClCompile>
    <ClCompile Include="Timer.cpp">
      <Filter>Source Files</Filter>
    </ClCompile>
    <ClCompile Include="Data.cpp">
      <Filter>Source Files</Filter>
    </ClCompile>
    <ClCompile Include="Camera.cpp">
      <Filter>Source Files</Filter>
    </ClCompile>
    <ClCompile Include="Input.cpp">
      <Filter>Source Files</Filter>
    </ClCompile>
    <ClCompile Include="Light.cpp">
      <Filter>Source Files</Filter>
    </ClCompile>
    <ClCompile Include="Model.cpp">
      <Filter>Source Files</Filter>
    </ClCompile>
    <ClCompile Include="RenderStates.cpp">
      <Filter>Source Files</Filter>
    </ClCompile>
  </ItemGroup>
  <ItemGroup>
    <ClInclude Include="DataTypes.h">
      <Filter>Header Files</Filter>
    </ClInclude>
    <ClInclude Include="DDSTextureLoader.h">
      <Filter>Header Files</Filter>
    </ClInclude>
    <ClInclude Include="Dx.h">
      <Filter>Header Files</Filter>
    </ClInclude>
    <ClInclude Include="Game.h">
      <Filter>Header Files</Filter>
    </ClInclude>
    <ClInclude Include="Headers.h">
      <Filter>Header Files</Filter>
    </ClInclude>
    <ClInclude Include="Helpers.h">
      <Filter>Header Files</Filter>
    </ClInclude>
    <ClInclude Include="Timer.h">
      <Filter>Header Files</Filter>
    </ClInclude>
    <ClInclude Include="Texture.h">
      <Filter>Header Files\System</Filter>
    </ClInclude>
    <ClInclude Include="Data.h">
      <Filter>Header Files\System</Filter>
    </ClInclude>
    <ClInclude Include="Shader.h">
      <Filter>Header Files\System</Filter>
    </ClInclude>
    <ClInclude Include="Camera.h">
      <Filter>Header Files\System</Filter>
    </ClInclude>
    <ClInclude Include="Input.h">
      <Filter>Header Files\System</Filter>
    </ClInclude>
    <ClInclude Include="Light.h">
      <Filter>Header Files</Filter>
    </ClInclude>
    <ClInclude Include="Model.h">
      <Filter>Header Files</Filter>
    </ClInclude>
    <ClInclude Include="RenderStates.h">
      <Filter>Header Files</Filter>
    </ClInclude>
    <ClInclude Include="Strings.h">
      <Filter>Header Files</Filter>
    </ClInclude>
  </ItemGroup>
  <ItemGroup>
    <FxCompile Include="BasicMatrixVS.hlsl">
      <Filter>Shaders\VS</Filter>
    </FxCompile>
    <FxCompile Include="BasicNormalVS.hlsl">
      <Filter>Shaders\VS</Filter>
    </FxCompile>
    <FxCompile Include="BasicTextureVS.hlsl">
      <Filter>Shaders\VS</Filter>
    </FxCompile>
    <FxCompile Include="BasicVS.hlsl">
      <Filter>Shaders\VS</Filter>
    </FxCompile>
    <FxCompile Include="UI_VS.hlsl">
      <Filter>Shaders\VS</Filter>
    </FxCompile>
    <FxCompile Include="BasicLightingPS.hlsl">
      <Filter>Shaders\PS</Filter>
    </FxCompile>
    <FxCompile Include="BasicMatrixPS.hlsl">
      <Filter>Shaders\PS</Filter>
    </FxCompile>
    <FxCompile Include="BasicNormalPS.hlsl">
      <Filter>Shaders\PS</Filter>
    </FxCompile>
    <FxCompile Include="BasicPS.hlsl">
      <Filter>Shaders\PS</Filter>
    </FxCompile>
    <FxCompile Include="BasicTexturePS.hlsl">
      <Filter>Shaders\PS</Filter>
    </FxCompile>
    <FxCompile Include="UI_PS.hlsl">
      <Filter>Shaders\PS</Filter>
    </FxCompile>
    <FxCompile Include="BasicLightingVS.hlsl">
      <Filter>Shaders\VS</Filter>
    </FxCompile>
  </ItemGroup>
  <ItemGroup>
    <None Include="PS_Func.hlsli">
      <Filter>Shaders</Filter>
    </None>
    <None Include="VS_Func.hlsli">
      <Filter>Shaders</Filter>
    </None>
  </ItemGroup>
  <ItemGroup>
    <Text Include="Todo.txt" />
  </ItemGroup>
</Project>